
Microsoft Visual Studio Solution File, Format Version 12.00
# Visual Studio 2013
VisualStudioVersion = 12.0.40629.0
MinimumVisualStudioVersion = 10.0.40219.1
Project("{FAE04EC0-301F-11D3-BF4B-00C04F79EFBC}") = "SHIVAM_ECommerce", "SHIVAM_ECommerce\SHIVAM_ECommerce.csproj", "{6E2C219C-66C8-4F4D-AD9B-2F3BC3FD6A99}"
EndProject
Project("{FAE04EC0-301F-11D3-BF4B-00C04F79EFBC}") = "EmailService", "EmailService\EmailService.csproj", "{9658915F-925F-403C-8FA2-89516AF522AA}"
EndProject
Project("{FAE04EC0-301F-11D3-BF4B-00C04F79EFBC}") = "SHIVAMFaceEcomm", "SHIVAMFaceEcomm\SHIVAMFaceEcomm.csproj", "{15D17D3B-DBEF-481A-AB7F-EA60767E1578}"
EndProject
Global
	GlobalSection(SolutionConfigurationPlatforms) = preSolution
		Debug|Any CPU = Debug|Any CPU
		Release|Any CPU = Release|Any CPU
	EndGlobalSection
	GlobalSection(ProjectConfigurationPlatforms) = postSolution
		{6E2C219C-66C8-4F4D-AD9B-2F3BC3FD6A99}.Debug|Any CPU.ActiveCfg = Debug|Any CPU
		{6E2C219C-66C8-4F4D-AD9B-2F3BC3FD6A99}.Debug|Any CPU.Build.0 = Debug|Any CPU
		{6E2C219C-66C8-4F4D-AD9B-2F3BC3FD6A99}.Release|Any CPU.ActiveCfg = Release|Any CPU
		{6E2C219C-66C8-4F4D-AD9B-2F3BC3FD6A99}.Release|Any CPU.Build.0 = Release|Any CPU
		{9658915F-925F-403C-8FA2-89516AF522AA}.Debug|Any CPU.ActiveCfg = Debug|Any CPU
		{9658915F-925F-403C-8FA2-89516AF522AA}.Debug|Any CPU.Build.0 = Debug|Any CPU
		{9658915F-925F-403C-8FA2-89516AF522AA}.Release|Any CPU.ActiveCfg = Release|Any CPU
		{9658915F-925F-403C-8FA2-89516AF522AA}.Release|Any CPU.Build.0 = Release|Any CPU
		{15D17D3B-DBEF-481A-AB7F-EA60767E1578}.Debug|Any CPU.ActiveCfg = Debug|Any CPU
		{15D17D3B-DBEF-481A-AB7F-EA60767E1578}.Debug|Any CPU.Build.0 = Debug|Any CPU
		{15D17D3B-DBEF-481A-AB7F-EA60767E1578}.Release|Any CPU.ActiveCfg = Release|Any CPU
		{15D17D3B-DBEF-481A-AB7F-EA60767E1578}.Release|Any CPU.Build.0 = Release|Any CPU
	EndGlobalSection
	GlobalSection(SolutionProperties) = preSolution
		HideSolutionNode = FALSE
	EndGlobalSection
EndGlobal
